
Microsoft Visual Studio Solution File, Format Version 10.00
# Visual C++ Express 2008
Project("{8BC9CEB8-8B4A-11D0-8D11-00A0C91BC942}") = "soinn2cv2", "soinn2cv2\soinn2cv2.vcproj", "{251FE469-C281-4C5E-A37C-EF8E688A88D3}"
EndProject
Global
	GlobalSection(SolutionConfigurationPlatforms) = preSolution
		Debug|Win32 = Debug|Win32
		Release|Win32 = Release|Win32
	EndGlobalSection
	GlobalSection(ProjectConfigurationPlatforms) = postSolution
		{251FE469-C281-4C5E-A37C-EF8E688A88D3}.Debug|Win32.ActiveCfg = Debug|Win32
		{251FE469-C281-4C5E-A37C-EF8E688A88D3}.Debug|Win32.Build.0 = Debug|Win32
		{251FE469-C281-4C5E-A37C-EF8E688A88D3}.Release|Win32.ActiveCfg = Release|Win32
		{251FE469-C281-4C5E-A37C-EF8E688A88D3}.Release|Win32.Build.0 = Release|Win32
	EndGlobalSection
	GlobalSection(SolutionProperties) = preSolution
		HideSolutionNode = FALSE
	EndGlobalSection
EndGlobal
